// !$*UTF8*$!
{
	archiveVersion = 1;
	classes = {
	};
	objectVersion = 50;
	objects = {

/* Begin PBXBuildFile section */
		EA301D1F2565320200A0E7FF /* LazyStackApp.swift in Sources */ = {isa = PBXBuildFile; fileRef = EA301D0C2565320000A0E7FF /* LazyStackApp.swift */; };
		EA301D202565320200A0E7FF /* LazyStackApp.swift in Sources */ = {isa = PBXBuildFile; fileRef = EA301D0C2565320000A0E7FF /* LazyStackApp.swift */; };
		EA301D212565320200A0E7FF /* ContentView.swift in Sources */ = {isa = PBXBuildFile; fileRef = EA301D0D2565320000A0E7FF /* ContentView.swift */; };
		EA301D222565320200A0E7FF /* ContentView.swift in Sources */ = {isa = PBXBuildFile; fileRef = EA301D0D2565320000A0E7FF /* ContentView.swift */; };
		EA301D232565320200A0E7FF /* Assets.xcassets in Resources */ = {isa = PBXBuildFile; fileRef = EA301D0E2565320200A0E7FF /* Assets.xcassets */; };
		EA301D242565320200A0E7FF /* Assets.xcassets in Resources */ = {isa = PBXBuildFile; fileRef = EA301D0E2565320200A0E7FF /* Assets.xcassets */; };
		EA6E7A5A2586558700C578F1 /* HView.swift in Sources */ = {isa = PBXBuildFile; fileRef = EA6E7A592586558700C578F1 /* HView.swift */; };
		EA6E7A5B2586558700C578F1 /* HView.swift in Sources */ = {isa = PBXBuildFile; fileRef = EA6E7A592586558700C578F1 /* HView.swift */; };
/* End PBXBuildFile section */

/* Begin PBXFileReference section */
		EA301D0C2565320000A0E7FF /* LazyStackApp.swift */ = {isa = PBXFileReference; lastKnownFileType = sourcecode.swift; path = LazyStackApp.swift; sourceTree = "<group>"; };
		EA301D0D2565320000A0E7FF /* ContentView.swift */ = {isa = PBXFileReference; lastKnownFileType = sourcecode.swift; path = ContentView.swift; sourceTree = "<group>"; };
		EA301D0E2565320200A0E7FF /* Assets.xcassets */ = {isa = PBXFileReference; lastKnownFileType = folder.assetcatalog; path = Assets.xcassets; sourceTree = "<group>"; };
		EA301D132565320200A0E7FF /* LazyStack.app */ = {isa = PBXFileReference; explicitFileType = wrapper.application; includeInIndex = 0; path = LazyStack.app; sourceTree = BUILT_PRODUCTS_DIR; };
		EA301D162565320200A0E7FF /* Info.plist */ = {isa = PBXFileReference; lastKnownFileType = text.plist.xml; path = Info.plist; sourceTree = "<group>"; };
		EA301D1B2565320200A0E7FF /* LazyStack.app */ = {isa = PBXFileReference; explicitFileType = wrapper.application; includeInIndex = 0; path = LazyStack.app; sourceTree = BUILT_PRODUCTS_DIR; };
		EA301D1D2565320200A0E7FF /* Info.plist */ = {isa = PBXFileReference; lastKnownFileType = text.plist.xml; path = Info.plist; sourceTree = "<group>"; };
		EA301D1E2565320200A0E7FF /* macOS.entitlements */ = {isa = PBXFileReference; lastKnownFileType = text.plist.entitlements; path = macOS.entitlements; sourceTree = "<group>"; };
		EA6E7A592586558700C578F1 /* HView.swift */ = {isa = PBXFileReference; lastKnownFileType = sourcecode.swift; path = HView.swift; sourceTree = "<group>"; };
/* End PBXFileReference section */

/* Begin PBXFrameworksBuildPhase section */
		EA301D102565320200A0E7FF /* Frameworks */ = {
			isa = PBXFrameworksBuildPhase;
			buildActionMask = 2147483647;
			files = (
			);
			runOnlyForDeploymentPostprocessing = 0;
		};
		EA301D182565320200A0E7FF /* Frameworks */ = {
			isa = PBXFrameworksBuildPhase;
			buildActionMask = 2147483647;
			files = (
			);
			runOnlyForDeploymentPostprocessing = 0;
		};
/* End PBXFrameworksBuildPhase section */

/* Begin PBXGroup section */
		EA301D062565320000A0E7FF = {
			isa = PBXGroup;
			children = (
				EA301D0B2565320000A0E7FF /* Shared */,
				EA301D152565320200A0E7FF /* iOS */,
				EA301D1C2565320200A0E7FF /* macOS */,
				EA301D142565320200A0E7FF /* Products */,
			);
			sourceTree = "<group>";
		};
		EA301D0B2565320000A0E7FF /* Shared */ = {
			isa = PBXGroup;
			children = (
				EA301D0C2565320000A0E7FF /* LazyStackApp.swift */,
				EA301D0D2565320000A0E7FF /* ContentView.swift */,
				EA6E7A592586558700C578F1 /* HView.swift */,
				EA301D0E2565320200A0E7FF /* Assets.xcassets */,
			);
			path = Shared;
			sourceTree = "<group>";
		};
		EA301D142565320200A0E7FF /* Products */ = {
			isa = PBXGroup;
			children = (
				EA301D132565320200A0E7FF /* LazyStack.app */,
				EA301D1B2565320200A0E7FF /* LazyStack.app */,
			);
			name = Products;
			sourceTree = "<group>";
		};
		EA301D152565320200A0E7FF /* iOS */ = {
			isa = PBXGroup;
			children = (
				EA301D162565320200A0E7FF /* Info.plist */,
			);
			path = iOS;
			sourceTree = "<group>";
		};
		EA301D1C2565320200A0E7FF /* macOS */ = {
			isa = PBXGroup;
			children = (
				EA301D1D2565320200A0E7FF /* Info.plist */,
				EA301D1E2565320200A0E7FF /* macOS.entitlements */,
			);
			path = macOS;
			sourceTree = "<group>";
		};
/* End PBXGroup section */

/* Begin PBXNativeTarget section */
		EA301D122565320200A0E7FF /* LazyStack (iOS) */ = {
			isa = PBXNativeTarget;
			buildConfigurationList = EA301D272565320200A0E7FF /* Build configuration list for PBXNativeTarget "LazyStack (iOS)" */;
			buildPhases = (
				EA301D0F2565320200A0E7FF /* Sources */,
				EA301D102565320200A0E7FF /* Frameworks */,
				EA301D112565320200A0E7FF /* Resources */,
			);
			buildRules = (
			);
			dependencies = (
			);
			name = "LazyStack (iOS)";
			productName = "LazyStack (iOS)";
			productReference = EA301D132565320200A0E7FF /* LazyStack.app */;
			productType = "com.apple.product-type.application";
		};
		EA301D1A2565320200A0E7FF /* LazyStack (macOS) */ = {
			isa = PBXNativeTarget;
			buildConfigurationList = EA301D2A2565320200A0E7FF /* Build configuration list for PBXNativeTarget "LazyStack (macOS)" */;
			buildPhases = (
				EA301D172565320200A0E7FF /* Sources */,
				EA301D182565320200A0E7FF /* Frameworks */,
				EA301D192565320200A0E7FF /* Resources */,
			);
			buildRules = (
			);
			dependencies = (
			);
			name = "LazyStack (macOS)";
			productName = "LazyStack (macOS)";
			productReference = EA301D1B2565320200A0E7FF /* LazyStack.app */;
			productType = "com.apple.product-type.application";
		};
/* End PBXNativeTarget section */

/* Begin PBXProject section */
		EA301D072565320000A0E7FF /* Project object */ = {
			isa = PBXProject;
			attributes = {
				LastSwiftUpdateCheck = 1220;
				LastUpgradeCheck = 1230;
				TargetAttributes = {
					EA301D122565320200A0E7FF = {
						CreatedOnToolsVersion = 12.2;
					};
					EA301D1A2565320200A0E7FF = {
						CreatedOnToolsVersion = 12.2;
					};
				};
			};
			buildConfigurationList = EA301D0A2565320000A0E7FF /* Build configuration list for PBXProject "LazyStack" */;
			compatibilityVersion = "Xcode 9.3";
			developmentRegion = en;
			hasScannedForEncodings = 0;
			knownRegions = (
				en,
				Base,
			);
			mainGroup = EA301D062565320000A0E7FF;
			productRefGroup = EA301D142565320200A0E7FF /* Products */;
			projectDirPath = "";
			projectRoot = "";
			targets = (
				EA301D122565320200A0E7FF /* LazyStack (iOS) */,
				EA301D1A2565320200A0E7FF /* LazyStack (macOS) */,
			);
		};
/* End PBXProject section */

/* Begin PBXResourcesBuildPhase section */
		EA301D112565320200A0E7FF /* Resources */ = {
			isa = PBXResourcesBuildPhase;
			buildActionMask = 2147483647;
			files = (
				EA301D232565320200A0E7FF /* Assets.xcassets in Resources */,
			);
			runOnlyForDeploymentPostprocessing = 0;
		};
		EA301D192565320200A0E7FF /* Resources */ = {
			isa = PBXResourcesBuildPhase;
			buildActionMask = 2147483647;
			files = (
				EA301D242565320200A0E7FF /* Assets.xcassets in Resources */,
			);
			runOnlyForDeploymentPostprocessing = 0;
		};
/* End PBXResourcesBuildPhase section */

/* Begin PBXSourcesBuildPhase section */
		EA301D0F2565320200A0E7FF /* Sources */ = {
			isa = PBXSourcesBuildPhase;
			buildActionMask = 2147483647;
			files = (
				EA301D212565320200A0E7FF /* ContentView.swift in Sources */,
				EA6E7A5A2586558700C578F1 /* HView.swift in Sources */,
				EA301D1F2565320200A0E7FF /* LazyStackApp.swift in Sources */,
			);
			runOnlyForDeploymentPostprocessing = 0;
		};
		EA301D172565320200A0E7FF /* Sources */ = {
			isa = PBXSourcesBuildPhase;
			buildActionMask = 2147483647;
			files = (
				EA301D222565320200A0E7FF /* ContentView.swift in Sources */,
				EA6E7A5B2586558700C578F1 /* HView.swift in Sources */,
				EA301D202565320200A0E7FF /* LazyStackApp.swift in Sources */,
			);
			runOnlyForDeploymentPostprocessing = 0;
		};
/* End PBXSourcesBuildPhase section */

/* Begin XCBuildConfiguration section */
		EA301D252565320200A0E7FF /* Debug */ = {
			isa = XCBuildConfiguration;
			buildSettings = {
				ALWAYS_SEARCH_USER_PATHS = NO;
				CLANG_ANALYZER_NONNULL = YES;
				CLANG_ANALYZER_NUMBER_OBJECT_CONVERSION = YES_AGGRESSIVE;
				CLANG_CXX_LANGUAGE_STANDARD = "gnu++14";
				CLANG_CXX_LIBRARY = "libc++";
				CLANG_ENABLE_MODULES = YES;
				CLANG_ENABLE_OBJC_ARC = YES;
				CLANG_ENABLE_OBJC_WEAK = YES;
				CLANG_WARN_BLOCK_CAPTURE_AUTORELEASING = YES;
				CLANG_WARN_BOOL_CONVERSION = YES;
				CLANG_WARN_COMMA = YES;
				CLANG_WARN_CONSTANT_CONVERSION = YES;
				CLANG_WARN_DEPRECATED_OBJC_IMPLEMENTATIONS = YES;
				CLANG_WARN_DIRECT_OBJC_ISA_USAGE = YES_ERROR;
				CLANG_WARN_DOCUMENTATION_COMMENTS = YES;
				CLANG_WARN_EMPTY_BODY = YES;
				CLANG_WARN_ENUM_CONVERSION = YES;
				CLANG_WARN_INFINITE_RECURSION = YES;
				CLANG_WARN_INT_CONVERSION = YES;
				CLANG_WARN_NON_LITERAL_NULL_CONVERSION = YES;
				CLANG_WARN_OBJC_IMPLICIT_RETAIN_SELF = YES;
				CLANG_WARN_OBJC_LITERAL_CONVERSION = YES;
				CLANG_WARN_OBJC_ROOT_CLASS = YES_ERROR;
				CLANG_WARN_QUOTED_INCLUDE_IN_FRAMEWORK_HEADER = YES;
				CLANG_WARN_RANGE_LOOP_ANALYSIS = YES;
				CLANG_WARN_STRICT_PROTOTYPES = YES;
				CLANG_WARN_SUSPICIOUS_MOVE = YES;
				CLANG_WARN_UNGUARDED_AVAILABILITY = YES_AGGRESSIVE;
				CLANG_WARN_UNREACHABLE_CODE = YES;
				CLANG_WARN__DUPLICATE_METHOD_MATCH = YES;
				COPY_PHASE_STRIP = NO;
				DEBUG_INFORMATION_FORMAT = dwarf;
				ENABLE_STRICT_OBJC_MSGSEND = YES;
				ENABLE_TESTABILITY = YES;
				GCC_C_LANGUAGE_STANDARD = gnu11;
				GCC_DYNAMIC_NO_PIC = NO;
				GCC_NO_COMMON_BLOCKS = YES;
				GCC_OPTIMIZATION_LEVEL = 0;
				GCC_PREPROCESSOR_DEFINITIONS = (
					"DEBUG=1",
					"$(inherited)",
				);
				GCC_WARN_64_TO_32_BIT_CONVERSION = YES;
				GCC_WARN_ABOUT_RETURN_TYPE = YES_ERROR;
				GCC_WARN_UNDECLARED_SELECTOR = YES;
				GCC_WARN_UNINITIALIZED_AUTOS = YES_AGGRESSIVE;
				GCC_WARN_UNUSED_FUNCTION = YES;
				GCC_WARN_UNUSED_VARIABLE = YES;
				MTL_ENABLE_DEBUG_INFO = INCLUDE_SOURCE;
				MTL_FAST_MATH = YES;
				ONLY_ACTIVE_ARCH = YES;
				SWIFT_ACTIVE_COMPILATION_CONDITIONS = DEBUG;
				SWIFT_OPTIMIZATION_LEVEL = "-Onone";
			};
			name = Debug;
		};
		EA301D262565320200A0E7FF /* Release */ = {
			isa = XCBuildConfiguration;
			buildSettings = {
				ALWAYS_SEARCH_USER_PATHS = NO;
				CLANG_ANALYZER_NONNULL = YES;
				CLANG_ANALYZER_NUMBER_OBJECT_CONVERSION = YES_AGGRESSIVE;
				CLANG_CXX_LANGUAGE_STANDARD = "gnu++14";
				CLANG_CXX_LIBRARY = "libc++";
				CLANG_ENABLE_MODULES = YES;
				CLANG_ENABLE_OBJC_ARC = YES;
				CLANG_ENABLE_OBJC_WEAK = YES;
				CLANG_WARN_BLOCK_CAPTURE_AUTORELEASING = YES;
				CLANG_WARN_BOOL_CONVERSION = YES;
				CLANG_WARN_COMMA = YES;
				CLANG_WARN_CONSTANT_CONVERSION = YES;
				CLANG_WARN_DEPRECATED_OBJC_IMPLEMENTATIONS = YES;
				CLANG_WARN_DIRECT_OBJC_ISA_USAGE = YES_ERROR;
				CLANG_WARN_DOCUMENTATION_COMMENTS = YES;
				CLANG_WARN_EMPTY_BODY = YES;
				CLANG_WARN_ENUM_CONVERSION = YES;
				CLANG_WARN_INFINITE_RECURSION = YES;
				CLANG_WARN_INT_CONVERSION = YES;
				CLANG_WARN_NON_LITERAL_NULL_CONVERSION = YES;
				CLANG_WARN_OBJC_IMPLICIT_RETAIN_SELF = YES;
				CLANG_WARN_OBJC_LITERAL_CONVERSION = YES;
				CLANG_WARN_OBJC_ROOT_CLASS = YES_ERROR;
				CLANG_WARN_QUOTED_INCLUDE_IN_FRAMEWORK_HEADER = YES;
				CLANG_WARN_RANGE_LOOP_ANALYSIS = YES;
				CLANG_WARN_STRICT_PROTOTYPES = YES;
				CLANG_WARN_SUSPICIOUS_MOVE = YES;
				CLANG_WARN_UNGUARDED_AVAILABILITY = YES_AGGRESSIVE;
				CLANG_WARN_UNREACHABLE_CODE = YES;
				CLANG_WARN__DUPLICATE_METHOD_MATCH = YES;
				COPY_PHASE_STRIP = NO;
				DEBUG_INFORMATION_FORMAT = "dwarf-with-dsym";
				ENABLE_NS_ASSERTIONS = NO;
				ENABLE_STRICT_OBJC_MSGSEND = YES;
				GCC_C_LANGUAGE_STANDARD = gnu11;
				GCC_NO_COMMON_BLOCKS = YES;
				GCC_WARN_64_TO_32_BIT_CONVERSION = YES;
				GCC_WARN_ABOUT_RETURN_TYPE = YES_ERROR;
				GCC_WARN_UNDECLARED_SELECTOR = YES;
				GCC_WARN_UNINITIALIZED_AUTOS = YES_AGGRESSIVE;
				GCC_WARN_UNUSED_FUNCTION = YES;
				GCC_WARN_UNUSED_VARIABLE = YES;
				MTL_ENABLE_DEBUG_INFO = NO;
				MTL_FAST_MATH = YES;
				SWIFT_COMPILATION_MODE = wholemodule;
				SWIFT_OPTIMIZATION_LEVEL = "-O";
			};
			name = Release;
		};
		EA301D282565320200A0E7FF /* Debug */ = {
			isa = XCBuildConfiguration;
			buildSettings = {
				ASSETCATALOG_COMPILER_APPICON_NAME = AppIcon;
				ASSETCATALOG_COMPILER_GLOBAL_ACCENT_COLOR_NAME = AccentColor;
				CODE_SIGN_STYLE = Automatic;
				DEVELOPMENT_TEAM = 2FFS5V4S8H;
				ENABLE_PREVIEWS = YES;
				INFOPLIST_FILE = iOS/Info.plist;
				IPHONEOS_DEPLOYMENT_TARGET = 14.0;
				LD_RUNPATH_SEARCH_PATHS = (
					"$(inherited)",
					"@executable_path/Frameworks",
				);
				PRODUCT_BUNDLE_IDENTIFIER = Tony.LazyStack;
				PRODUCT_NAME = LazyStack;
				SDKROOT = iphoneos;
				SWIFT_VERSION = 5.0;
				TARGETED_DEVICE_FAMILY = "1,2";
			};
			name = Debug;
		};
		EA301D292565320200A0E7FF /* Release */ = {
			isa = XCBuildConfiguration;
			buildSettings = {
				ASSETCATALOG_COMPILER_APPICON_NAME = AppIcon;
				ASSETCATALOG_COMPILER_GLOBAL_ACCENT_COLOR_NAME = AccentColor;
				CODE_SIGN_STYLE = Automatic;
				DEVELOPMENT_TEAM = 2FFS5V4S8H;
				ENABLE_PREVIEWS = YES;
				INFOPLIST_FILE = iOS/Info.plist;
				IPHONEOS_DEPLOYMENT_TARGET = 14.0;
				LD_RUNPATH_SEARCH_PATHS = (
					"$(inherited)",
					"@executable_path/Frameworks",
				);
				PRODUCT_BUNDLE_IDENTIFIER = Tony.LazyStack;
				PRODUCT_NAME = LazyStack;
				SDKROOT = iphoneos;
				SWIFT_VERSION = 5.0;
				TARGETED_DEVICE_FAMILY = "1,2";
				VALIDATE_PRODUCT = YES;
			};
			name = Release;
		};
		EA301D2B2565320200A0E7FF /* Debug */ = {
			isa = XCBuildConfiguration;
			buildSettings = {
				ASSETCATALOG_COMPILER_APPICON_NAME = AppIcon;
				ASSETCATALOG_COMPILER_GLOBAL_ACCENT_COLOR_NAME = AccentColor;
				CODE_SIGN_ENTITLEMENTS = macOS/macOS.entitlements;
				CODE_SIGN_IDENTITY = "-";
				CODE_SIGN_STYLE = Automatic;
				COMBINE_HIDPI_IMAGES = YES;
				DEVELOPMENT_TEAM = 2FFS5V4S8H;
				ENABLE_HARDENED_RUNTIME = YES;
				ENABLE_PREVIEWS = YES;
				INFOPLIST_FILE = macOS/Info.plist;
				LD_RUNPATH_SEARCH_PATHS = (
					"$(inherited)",
					"@executable_path/../Frameworks",
				);
				MACOSX_DEPLOYMENT_TARGET = 11.0;
				PRODUCT_BUNDLE_IDENTIFIER = Tony.LazyStack;
				PRODUCT_NAME = LazyStack;
				SDKROOT = macosx;
				SWIFT_VERSION = 5.0;
			};
			name = Debug;
		};
		EA301D2C2565320200A0E7FF /* Release */ = {
			isa = XCBuildConfiguration;
			buildSettings = {
				ASSETCATALOG_COMPILER_APPICON_NAME = AppIcon;
				ASSETCATALOG_COMPILER_GLOBAL_ACCENT_COLOR_NAME = AccentColor;
				CODE_SIGN_ENTITLEMENTS = macOS/macOS.entitlements;
				CODE_SIGN_IDENTITY = "-";
				CODE_SIGN_STYLE = Automatic;
				COMBINE_HIDPI_IMAGES = YES;
				DEVELOPMENT_TEAM = 2FFS5V4S8H;
				ENABLE_HARDENED_RUNTIME = YES;
				ENABLE_PREVIEWS = YES;
				INFOPLIST_FILE = macOS/Info.plist;
				LD_RUNPATH_SEARCH_PATHS = (
					"$(inherited)",
					"@executable_path/../Frameworks",
				);
				MACOSX_DEPLOYMENT_TARGET = 11.0;
				PRODUCT_BUNDLE_IDENTIFIER = Tony.LazyStack;
				PRODUCT_NAME = LazyStack;
				SDKROOT = macosx;
				SWIFT_VERSION = 5.0;
			};
			name = Release;
		};
/* End XCBuildConfiguration section */

/* Begin XCConfigurationList section */
		EA301D0A2565320000A0E7FF /* Build configuration list for PBXProject "LazyStack" */ = {
			isa = XCConfigurationList;
			buildConfigurations = (
				EA301D252565320200A0E7FF /* Debug */,
				EA301D262565320200A0E7FF /* Release */,
			);
			defaultConfigurationIsVisible = 0;
			defaultConfigurationName = Release;
		};
		EA301D272565320200A0E7FF /* Build configuration list for PBXNativeTarget "LazyStack (iOS)" */ = {
			isa = XCConfigurationList;
			buildConfigurations = (
				EA301D282565320200A0E7FF /* Debug */,
				EA301D292565320200A0E7FF /* Release */,
			);
			defaultConfigurationIsVisible = 0;
			defaultConfigurationName = Release;
		};
		EA301D2A2565320200A0E7FF /* Build configuration list for PBXNativeTarget "LazyStack (macOS)" */ = {
			isa = XCConfigurationList;
			buildConfigurations = (
				EA301D2B2565320200A0E7FF /* Debug */,
				EA301D2C2565320200A0E7FF /* Release */,
			);
			defaultConfigurationIsVisible = 0;
			defaultConfigurationName = Release;
		};
/* End XCConfigurationList section */
	};
	rootObject = EA301D072565320000A0E7FF /* Project object */;
}
